
Microsoft Visual Studio Solution File, Format Version 12.00
# Visual Studio Version 17
VisualStudioVersion = 17.9.34622.214
MinimumVisualStudioVersion = 10.0.40219.1
Project("{FAE04EC0-301F-11D3-BF4B-00C04F79EFBC}") = "[PeopleWorks] JF2 PBMS EOL Tester IL", "[PeopleWorks] JF2 PBMS EOL Tester IL\[PeopleWorks] JF2 PBMS EOL Tester IL.csproj", "{F10A9560-A4FD-4A5C-B4B6-4AE959D54075}"
EndProject
Global
	GlobalSection(SolutionConfigurationPlatforms) = preSolution
		Debug|Any CPU = Debug|Any CPU
		Release|Any CPU = Release|Any CPU
	EndGlobalSection
	GlobalSection(ProjectConfigurationPlatforms) = postSolution
		{F10A9560-A4FD-4A5C-B4B6-4AE959D54075}.Debug|Any CPU.ActiveCfg = Debug|Any CPU
		{F10A9560-A4FD-4A5C-B4B6-4AE959D54075}.Debug|Any CPU.Build.0 = Debug|Any CPU
		{F10A9560-A4FD-4A5C-B4B6-4AE959D54075}.Release|Any CPU.ActiveCfg = Release|Any CPU
		{F10A9560-A4FD-4A5C-B4B6-4AE959D54075}.Release|Any CPU.Build.0 = Release|Any CPU
	EndGlobalSection
	GlobalSection(SolutionProperties) = preSolution
		HideSolutionNode = FALSE
	EndGlobalSection
	GlobalSection(ExtensibilityGlobals) = postSolution
		SolutionGuid = {A3C0A791-B778-4541-9404-520AEE124F6D}
	EndGlobalSection
EndGlobal
